
Microsoft Visual Studio Solution File, Format Version 12.00
# Visual Studio Version 16
VisualStudioVersion = 16.0.30011.22
MinimumVisualStudioVersion = 10.0.40219.1
Project("{FAE04EC0-301F-11D3-BF4B-00C04F79EFBC}") = "Console Application", "Console Application.csproj", "{FA7AEF33-65E3-48CC-9B78-D857FB368A78}"
EndProject
Project("{FAE04EC0-301F-11D3-BF4B-00C04F79EFBC}") = "GenerateContractsJsonFile", "..\GenerateContractsJsonFile\GenerateContractsJsonFile.csproj", "{907791CC-DA46-4F8C-9B8E-10F2D6F8789D}"
EndProject
Project("{FAE04EC0-301F-11D3-BF4B-00C04F79EFBC}") = "Deployment", "..\Deployment\Deployment.csproj", "{89B82A1A-991F-47D2-ADFB-668EAE416C06}"
EndProject
Global
	GlobalSection(SolutionConfigurationPlatforms) = preSolution
		Debug|Any CPU = Debug|Any CPU
		Release|Any CPU = Release|Any CPU
	EndGlobalSection
	GlobalSection(ProjectConfigurationPlatforms) = postSolution
		{FA7AEF33-65E3-48CC-9B78-D857FB368A78}.Debug|Any CPU.ActiveCfg = Debug|Any CPU
		{FA7AEF33-65E3-48CC-9B78-D857FB368A78}.Debug|Any CPU.Build.0 = Debug|Any CPU
		{FA7AEF33-65E3-48CC-9B78-D857FB368A78}.Release|Any CPU.ActiveCfg = Release|Any CPU
		{FA7AEF33-65E3-48CC-9B78-D857FB368A78}.Release|Any CPU.Build.0 = Release|Any CPU
		{907791CC-DA46-4F8C-9B8E-10F2D6F8789D}.Debug|Any CPU.ActiveCfg = Debug|Any CPU
		{907791CC-DA46-4F8C-9B8E-10F2D6F8789D}.Debug|Any CPU.Build.0 = Debug|Any CPU
		{907791CC-DA46-4F8C-9B8E-10F2D6F8789D}.Release|Any CPU.ActiveCfg = Release|Any CPU
		{907791CC-DA46-4F8C-9B8E-10F2D6F8789D}.Release|Any CPU.Build.0 = Release|Any CPU
		{89B82A1A-991F-47D2-ADFB-668EAE416C06}.Debug|Any CPU.ActiveCfg = Debug|Any CPU
		{89B82A1A-991F-47D2-ADFB-668EAE416C06}.Debug|Any CPU.Build.0 = Debug|Any CPU
		{89B82A1A-991F-47D2-ADFB-668EAE416C06}.Release|Any CPU.ActiveCfg = Release|Any CPU
		{89B82A1A-991F-47D2-ADFB-668EAE416C06}.Release|Any CPU.Build.0 = Release|Any CPU
	EndGlobalSection
	GlobalSection(SolutionProperties) = preSolution
		HideSolutionNode = FALSE
	EndGlobalSection
	GlobalSection(ExtensibilityGlobals) = postSolution
		SolutionGuid = {4DDB66F0-9B84-4FAF-88D5-9475FD940E48}
	EndGlobalSection
EndGlobal
